
Microsoft Visual Studio Solution File, Format Version 12.00
# Visual Studio Version 17
VisualStudioVersion = 17.11.35312.102
MinimumVisualStudioVersion = 10.0.40219.1
Project("{FAE04EC0-301F-11D3-BF4B-00C04F79EFBC}") = "ESUN_API", "ESUN_API\ESUN_API.csproj", "{662BFEE6-2F22-43A8-A93B-5A4CFE2355C6}"
EndProject
Global
	GlobalSection(SolutionConfigurationPlatforms) = preSolution
		Debug|Any CPU = Debug|Any CPU
		Release|Any CPU = Release|Any CPU
	EndGlobalSection
	GlobalSection(ProjectConfigurationPlatforms) = postSolution
		{662BFEE6-2F22-43A8-A93B-5A4CFE2355C6}.Debug|Any CPU.ActiveCfg = Debug|Any CPU
		{662BFEE6-2F22-43A8-A93B-5A4CFE2355C6}.Debug|Any CPU.Build.0 = Debug|Any CPU
		{662BFEE6-2F22-43A8-A93B-5A4CFE2355C6}.Release|Any CPU.ActiveCfg = Release|Any CPU
		{662BFEE6-2F22-43A8-A93B-5A4CFE2355C6}.Release|Any CPU.Build.0 = Release|Any CPU
	EndGlobalSection
	GlobalSection(SolutionProperties) = preSolution
		HideSolutionNode = FALSE
	EndGlobalSection
	GlobalSection(ExtensibilityGlobals) = postSolution
		SolutionGuid = {A22AA91B-31E8-4D67-950A-54EDC21EF772}
	EndGlobalSection
EndGlobal
